
Microsoft Visual Studio Solution File, Format Version 12.00
Project("{2150E333-8FDC-42A3-9474-1A3956D46DE8}") = "Server", "Server", "{726D8EDC-4599-47B1-8EA5-F33A5B475002}"
EndProject
Project("{FAE04EC0-301F-11D3-BF4B-00C04F79EFBC}") = "Entity", "Server\Entity\Entity.csproj", "{79775D59-DA21-47B5-AD70-0EEF79EA37F5}"
EndProject
Project("{FAE04EC0-301F-11D3-BF4B-00C04F79EFBC}") = "Main", "Server\Main\Main.csproj", "{12BED9E8-13CF-4A0A-BA57-CF2F89332A37}"
EndProject
Project("{FAE04EC0-301F-11D3-BF4B-00C04F79EFBC}") = "Hotfix", "Server\Hotfix\Hotfix.csproj", "{EECCB56B-27DD-490F-9243-0D7E01E973F2}"
EndProject
Project("{2150E333-8FDC-42A3-9474-1A3956D46DE8}") = "Client", "Client", "{744C4BF0-58A6-440B-9541-A43200547515}"
EndProject
Project("{FAE04EC0-301F-11D3-BF4B-00C04F79EFBC}") = "GameLogic", "UnityProject\GameLogic.csproj", "{E58FB5F7-6C64-988D-BA9A-04A90F76FC15}"
EndProject
Project("{FAE04EC0-301F-11D3-BF4B-00C04F79EFBC}") = "TEngine.Runtime", "UnityProject\TEngine.Runtime.csproj", "{301A6CDB-6415-AFE3-133D-1B7CE40A9B89}"
EndProject
Project("{FAE04EC0-301F-11D3-BF4B-00C04F79EFBC}") = "GameProto", "UnityProject\GameProto.csproj", "{EDAC4524-94B2-D82B-51FD-0D97F3CACC05}"
EndProject
Project("{FAE04EC0-301F-11D3-BF4B-00C04F79EFBC}") = "Assembly-CSharp", "UnityProject\Assembly-CSharp.csproj", "{2106585B-B409-CB68-B5F4-5B9DD210A60F}"
EndProject
Project("{FAE04EC0-301F-11D3-BF4B-00C04F79EFBC}") = "YooAsset", "UnityProject\YooAsset.csproj", "{0C45BC71-A685-4496-7CAA-083396882B79}"
EndProject
Project("{FAE04EC0-301F-11D3-BF4B-00C04F79EFBC}") = "UniTask", "UnityProject\UniTask.csproj", "{398E1245-07C2-61CE-7DD0-BAF2CE0339A3}"
EndProject
Project("{FAE04EC0-301F-11D3-BF4B-00C04F79EFBC}") = "Launcher", "UnityProject\Launcher.csproj", "{0A4403BA-2329-63EB-5B0A-DBFE2DE105C6}"
EndProject
Project("{2150E333-8FDC-42A3-9474-1A3956D46DE8}") = "NuGet", "NuGet", "{79B808EA-9BEE-46E4-BE92-DE5DBD15713A}"
EndProject
Project("{FAE04EC0-301F-11D3-BF4B-00C04F79EFBC}") = "Fantasy.Exporter", "NuGet\Fantasy.Exporter\Fantasy.Exporter.csproj", "{5A3E6306-2401-4C4A-BBD4-5752CDB79A8D}"
EndProject
Project("{FAE04EC0-301F-11D3-BF4B-00C04F79EFBC}") = "YooAsset.RuntimeExtension", "UnityProject\YooAsset.RuntimeExtension.csproj", "{6778E362-F2E0-AD1F-6CF3-F237224E09CC}"
EndProject
Project("{FAE04EC0-301F-11D3-BF4B-00C04F79EFBC}") = "TEngine.Editor", "UnityProject\TEngine.Editor.csproj", "{26716387-F063-FE59-8D98-490A72E65A28}"
EndProject
Project("{FAE04EC0-301F-11D3-BF4B-00C04F79EFBC}") = "UniTask.DOTween", "UnityProject\UniTask.DOTween.csproj", "{E82B2C91-C531-49F3-FD06-2C0A3BDCBCB9}"
EndProject
Project("{FAE04EC0-301F-11D3-BF4B-00C04F79EFBC}") = "UniTask.Linq", "UnityProject\UniTask.Linq.csproj", "{6C7BA970-2140-F542-76F7-1E69C1CD3CAC}"
EndProject
Project("{FAE04EC0-301F-11D3-BF4B-00C04F79EFBC}") = "YooAsset.Editor", "UnityProject\YooAsset.Editor.csproj", "{0AA467C1-50BE-B93E-7B30-92551B597A27}"
EndProject
Project("{FAE04EC0-301F-11D3-BF4B-00C04F79EFBC}") = "UniTask.TextMeshPro", "UnityProject\UniTask.TextMeshPro.csproj", "{D771D185-EDAF-B5A9-D394-EEC1EC19B438}"
EndProject
Project("{FAE04EC0-301F-11D3-BF4B-00C04F79EFBC}") = "UniTask.Addressables", "UnityProject\UniTask.Addressables.csproj", "{22B6CCA9-1294-F848-6564-897448C71005}"
EndProject
Global
	GlobalSection(SolutionConfigurationPlatforms) = preSolution
		Debug|Any CPU = Debug|Any CPU
		Release|Any CPU = Release|Any CPU
	EndGlobalSection
	GlobalSection(ProjectConfigurationPlatforms) = postSolution
		{79775D59-DA21-47B5-AD70-0EEF79EA37F5}.Debug|Any CPU.ActiveCfg = Debug|Any CPU
		{79775D59-DA21-47B5-AD70-0EEF79EA37F5}.Debug|Any CPU.Build.0 = Debug|Any CPU
		{79775D59-DA21-47B5-AD70-0EEF79EA37F5}.Release|Any CPU.ActiveCfg = Release|Any CPU
		{79775D59-DA21-47B5-AD70-0EEF79EA37F5}.Release|Any CPU.Build.0 = Release|Any CPU
		{12BED9E8-13CF-4A0A-BA57-CF2F89332A37}.Debug|Any CPU.ActiveCfg = Debug|Any CPU
		{12BED9E8-13CF-4A0A-BA57-CF2F89332A37}.Debug|Any CPU.Build.0 = Debug|Any CPU
		{12BED9E8-13CF-4A0A-BA57-CF2F89332A37}.Release|Any CPU.ActiveCfg = Release|Any CPU
		{12BED9E8-13CF-4A0A-BA57-CF2F89332A37}.Release|Any CPU.Build.0 = Release|Any CPU
		{EECCB56B-27DD-490F-9243-0D7E01E973F2}.Debug|Any CPU.ActiveCfg = Debug|Any CPU
		{EECCB56B-27DD-490F-9243-0D7E01E973F2}.Debug|Any CPU.Build.0 = Debug|Any CPU
		{EECCB56B-27DD-490F-9243-0D7E01E973F2}.Release|Any CPU.ActiveCfg = Release|Any CPU
		{EECCB56B-27DD-490F-9243-0D7E01E973F2}.Release|Any CPU.Build.0 = Release|Any CPU
		{E58FB5F7-6C64-988D-BA9A-04A90F76FC15}.Debug|Any CPU.ActiveCfg = Debug|Any CPU
		{E58FB5F7-6C64-988D-BA9A-04A90F76FC15}.Debug|Any CPU.Build.0 = Debug|Any CPU
		{E58FB5F7-6C64-988D-BA9A-04A90F76FC15}.Release|Any CPU.ActiveCfg = Debug|Any CPU
		{E58FB5F7-6C64-988D-BA9A-04A90F76FC15}.Release|Any CPU.Build.0 = Debug|Any CPU
		{301A6CDB-6415-AFE3-133D-1B7CE40A9B89}.Debug|Any CPU.ActiveCfg = Debug|Any CPU
		{301A6CDB-6415-AFE3-133D-1B7CE40A9B89}.Debug|Any CPU.Build.0 = Debug|Any CPU
		{301A6CDB-6415-AFE3-133D-1B7CE40A9B89}.Release|Any CPU.ActiveCfg = Debug|Any CPU
		{301A6CDB-6415-AFE3-133D-1B7CE40A9B89}.Release|Any CPU.Build.0 = Debug|Any CPU
		{EDAC4524-94B2-D82B-51FD-0D97F3CACC05}.Debug|Any CPU.ActiveCfg = Debug|Any CPU
		{EDAC4524-94B2-D82B-51FD-0D97F3CACC05}.Debug|Any CPU.Build.0 = Debug|Any CPU
		{EDAC4524-94B2-D82B-51FD-0D97F3CACC05}.Release|Any CPU.ActiveCfg = Debug|Any CPU
		{EDAC4524-94B2-D82B-51FD-0D97F3CACC05}.Release|Any CPU.Build.0 = Debug|Any CPU
		{2106585B-B409-CB68-B5F4-5B9DD210A60F}.Debug|Any CPU.ActiveCfg = Debug|Any CPU
		{2106585B-B409-CB68-B5F4-5B9DD210A60F}.Debug|Any CPU.Build.0 = Debug|Any CPU
		{2106585B-B409-CB68-B5F4-5B9DD210A60F}.Release|Any CPU.ActiveCfg = Debug|Any CPU
		{2106585B-B409-CB68-B5F4-5B9DD210A60F}.Release|Any CPU.Build.0 = Debug|Any CPU
		{0C45BC71-A685-4496-7CAA-083396882B79}.Debug|Any CPU.ActiveCfg = Debug|Any CPU
		{0C45BC71-A685-4496-7CAA-083396882B79}.Debug|Any CPU.Build.0 = Debug|Any CPU
		{0C45BC71-A685-4496-7CAA-083396882B79}.Release|Any CPU.ActiveCfg = Debug|Any CPU
		{0C45BC71-A685-4496-7CAA-083396882B79}.Release|Any CPU.Build.0 = Debug|Any CPU
		{398E1245-07C2-61CE-7DD0-BAF2CE0339A3}.Debug|Any CPU.ActiveCfg = Debug|Any CPU
		{398E1245-07C2-61CE-7DD0-BAF2CE0339A3}.Debug|Any CPU.Build.0 = Debug|Any CPU
		{398E1245-07C2-61CE-7DD0-BAF2CE0339A3}.Release|Any CPU.ActiveCfg = Debug|Any CPU
		{398E1245-07C2-61CE-7DD0-BAF2CE0339A3}.Release|Any CPU.Build.0 = Debug|Any CPU
		{0A4403BA-2329-63EB-5B0A-DBFE2DE105C6}.Debug|Any CPU.ActiveCfg = Debug|Any CPU
		{0A4403BA-2329-63EB-5B0A-DBFE2DE105C6}.Debug|Any CPU.Build.0 = Debug|Any CPU
		{0A4403BA-2329-63EB-5B0A-DBFE2DE105C6}.Release|Any CPU.ActiveCfg = Debug|Any CPU
		{0A4403BA-2329-63EB-5B0A-DBFE2DE105C6}.Release|Any CPU.Build.0 = Debug|Any CPU
		{5A3E6306-2401-4C4A-BBD4-5752CDB79A8D}.Debug|Any CPU.ActiveCfg = Debug|Any CPU
		{5A3E6306-2401-4C4A-BBD4-5752CDB79A8D}.Debug|Any CPU.Build.0 = Debug|Any CPU
		{5A3E6306-2401-4C4A-BBD4-5752CDB79A8D}.Release|Any CPU.ActiveCfg = Release|Any CPU
		{5A3E6306-2401-4C4A-BBD4-5752CDB79A8D}.Release|Any CPU.Build.0 = Release|Any CPU
		{6778E362-F2E0-AD1F-6CF3-F237224E09CC}.Debug|Any CPU.ActiveCfg = Debug|Any CPU
		{6778E362-F2E0-AD1F-6CF3-F237224E09CC}.Debug|Any CPU.Build.0 = Debug|Any CPU
		{6778E362-F2E0-AD1F-6CF3-F237224E09CC}.Release|Any CPU.ActiveCfg = Debug|Any CPU
		{6778E362-F2E0-AD1F-6CF3-F237224E09CC}.Release|Any CPU.Build.0 = Debug|Any CPU
		{26716387-F063-FE59-8D98-490A72E65A28}.Debug|Any CPU.ActiveCfg = Debug|Any CPU
		{26716387-F063-FE59-8D98-490A72E65A28}.Debug|Any CPU.Build.0 = Debug|Any CPU
		{26716387-F063-FE59-8D98-490A72E65A28}.Release|Any CPU.ActiveCfg = Debug|Any CPU
		{26716387-F063-FE59-8D98-490A72E65A28}.Release|Any CPU.Build.0 = Debug|Any CPU
		{6C7BA970-2140-F542-76F7-1E69C1CD3CAC}.Debug|Any CPU.ActiveCfg = Debug|Any CPU
		{6C7BA970-2140-F542-76F7-1E69C1CD3CAC}.Debug|Any CPU.Build.0 = Debug|Any CPU
		{6C7BA970-2140-F542-76F7-1E69C1CD3CAC}.Release|Any CPU.ActiveCfg = Debug|Any CPU
		{6C7BA970-2140-F542-76F7-1E69C1CD3CAC}.Release|Any CPU.Build.0 = Debug|Any CPU
		{0AA467C1-50BE-B93E-7B30-92551B597A27}.Debug|Any CPU.ActiveCfg = Debug|Any CPU
		{0AA467C1-50BE-B93E-7B30-92551B597A27}.Debug|Any CPU.Build.0 = Debug|Any CPU
		{0AA467C1-50BE-B93E-7B30-92551B597A27}.Release|Any CPU.ActiveCfg = Debug|Any CPU
		{0AA467C1-50BE-B93E-7B30-92551B597A27}.Release|Any CPU.Build.0 = Debug|Any CPU
		{D771D185-EDAF-B5A9-D394-EEC1EC19B438}.Debug|Any CPU.ActiveCfg = Debug|Any CPU
		{D771D185-EDAF-B5A9-D394-EEC1EC19B438}.Debug|Any CPU.Build.0 = Debug|Any CPU
		{D771D185-EDAF-B5A9-D394-EEC1EC19B438}.Release|Any CPU.ActiveCfg = Debug|Any CPU
		{D771D185-EDAF-B5A9-D394-EEC1EC19B438}.Release|Any CPU.Build.0 = Debug|Any CPU
		{22B6CCA9-1294-F848-6564-897448C71005}.Debug|Any CPU.ActiveCfg = Debug|Any CPU
		{22B6CCA9-1294-F848-6564-897448C71005}.Debug|Any CPU.Build.0 = Debug|Any CPU
		{22B6CCA9-1294-F848-6564-897448C71005}.Release|Any CPU.ActiveCfg = Debug|Any CPU
		{22B6CCA9-1294-F848-6564-897448C71005}.Release|Any CPU.Build.0 = Debug|Any CPU
	EndGlobalSection
	GlobalSection(NestedProjects) = preSolution
		{79775D59-DA21-47B5-AD70-0EEF79EA37F5} = {726D8EDC-4599-47B1-8EA5-F33A5B475002}
		{12BED9E8-13CF-4A0A-BA57-CF2F89332A37} = {726D8EDC-4599-47B1-8EA5-F33A5B475002}
		{EECCB56B-27DD-490F-9243-0D7E01E973F2} = {726D8EDC-4599-47B1-8EA5-F33A5B475002}
		{E58FB5F7-6C64-988D-BA9A-04A90F76FC15} = {744C4BF0-58A6-440B-9541-A43200547515}
		{301A6CDB-6415-AFE3-133D-1B7CE40A9B89} = {744C4BF0-58A6-440B-9541-A43200547515}
		{EDAC4524-94B2-D82B-51FD-0D97F3CACC05} = {744C4BF0-58A6-440B-9541-A43200547515}
		{2106585B-B409-CB68-B5F4-5B9DD210A60F} = {744C4BF0-58A6-440B-9541-A43200547515}
		{0C45BC71-A685-4496-7CAA-083396882B79} = {744C4BF0-58A6-440B-9541-A43200547515}
		{398E1245-07C2-61CE-7DD0-BAF2CE0339A3} = {744C4BF0-58A6-440B-9541-A43200547515}
		{0A4403BA-2329-63EB-5B0A-DBFE2DE105C6} = {744C4BF0-58A6-440B-9541-A43200547515}
		{5A3E6306-2401-4C4A-BBD4-5752CDB79A8D} = {79B808EA-9BEE-46E4-BE92-DE5DBD15713A}
		{6778E362-F2E0-AD1F-6CF3-F237224E09CC} = {744C4BF0-58A6-440B-9541-A43200547515}
		{26716387-F063-FE59-8D98-490A72E65A28} = {744C4BF0-58A6-440B-9541-A43200547515}
		{6C7BA970-2140-F542-76F7-1E69C1CD3CAC} = {744C4BF0-58A6-440B-9541-A43200547515}
		{0AA467C1-50BE-B93E-7B30-92551B597A27} = {744C4BF0-58A6-440B-9541-A43200547515}
		{D771D185-EDAF-B5A9-D394-EEC1EC19B438} = {744C4BF0-58A6-440B-9541-A43200547515}
		{22B6CCA9-1294-F848-6564-897448C71005} = {744C4BF0-58A6-440B-9541-A43200547515}
	EndGlobalSection
EndGlobal
